
Microsoft Visual Studio Solution File, Format Version 12.00
# Visual Studio Version 17
VisualStudioVersion = 17.3.32922.545
MinimumVisualStudioVersion = 10.0.40219.1
Project("{FAE04EC0-301F-11D3-BF4B-00C04F79EFBC}") = "DaHinh_Chuong4_Bai2", "DaHinh_Chuong4_Bai2\DaHinh_Chuong4_Bai2.csproj", "{02088E7A-11BE-4E6C-A8F4-A815AA9E74E1}"
EndProject
Global
	GlobalSection(SolutionConfigurationPlatforms) = preSolution
		Debug|Any CPU = Debug|Any CPU
		Release|Any CPU = Release|Any CPU
	EndGlobalSection
	GlobalSection(ProjectConfigurationPlatforms) = postSolution
		{02088E7A-11BE-4E6C-A8F4-A815AA9E74E1}.Debug|Any CPU.ActiveCfg = Debug|Any CPU
		{02088E7A-11BE-4E6C-A8F4-A815AA9E74E1}.Debug|Any CPU.Build.0 = Debug|Any CPU
		{02088E7A-11BE-4E6C-A8F4-A815AA9E74E1}.Release|Any CPU.ActiveCfg = Release|Any CPU
		{02088E7A-11BE-4E6C-A8F4-A815AA9E74E1}.Release|Any CPU.Build.0 = Release|Any CPU
	EndGlobalSection
	GlobalSection(SolutionProperties) = preSolution
		HideSolutionNode = FALSE
	EndGlobalSection
	GlobalSection(ExtensibilityGlobals) = postSolution
		SolutionGuid = {8D540D2C-0C82-4F70-BFDF-A98B8CCDC743}
	EndGlobalSection
EndGlobal
