
Microsoft Visual Studio Solution File, Format Version 12.00
# Visual Studio Version 17
VisualStudioVersion = 17.3.32922.545
MinimumVisualStudioVersion = 10.0.40219.1
Project("{FAE04EC0-301F-11D3-BF4B-00C04F79EFBC}") = "QuanLyCuaHangTienLoi", "QuanLyCuaHangTienLoi\QuanLyCuaHangTienLoi.csproj", "{2E5333B4-C2AF-480C-85BA-73CE94A210C1}"
EndProject
Global
	GlobalSection(SolutionConfigurationPlatforms) = preSolution
		Debug|Any CPU = Debug|Any CPU
		Release|Any CPU = Release|Any CPU
	EndGlobalSection
	GlobalSection(ProjectConfigurationPlatforms) = postSolution
		{2E5333B4-C2AF-480C-85BA-73CE94A210C1}.Debug|Any CPU.ActiveCfg = Debug|Any CPU
		{2E5333B4-C2AF-480C-85BA-73CE94A210C1}.Debug|Any CPU.Build.0 = Debug|Any CPU
		{2E5333B4-C2AF-480C-85BA-73CE94A210C1}.Release|Any CPU.ActiveCfg = Release|Any CPU
		{2E5333B4-C2AF-480C-85BA-73CE94A210C1}.Release|Any CPU.Build.0 = Release|Any CPU
	EndGlobalSection
	GlobalSection(SolutionProperties) = preSolution
		HideSolutionNode = FALSE
	EndGlobalSection
	GlobalSection(ExtensibilityGlobals) = postSolution
		SolutionGuid = {7E49A67D-C9E4-4825-A205-A47D76E87A3E}
	EndGlobalSection
EndGlobal
