
Microsoft Visual Studio Solution File, Format Version 12.00
# Visual Studio Version 17
VisualStudioVersion = 17.3.32819.101
MinimumVisualStudioVersion = 10.0.40219.1
Project("{FAE04EC0-301F-11D3-BF4B-00C04F79EFBC}") = "Baitap5", "Baitap5\Baitap5.csproj", "{A3E93C48-A3F9-4A66-9C3B-42B326E1E7F6}"
EndProject
Global
	GlobalSection(SolutionConfigurationPlatforms) = preSolution
		Debug|Any CPU = Debug|Any CPU
		Release|Any CPU = Release|Any CPU
	EndGlobalSection
	GlobalSection(ProjectConfigurationPlatforms) = postSolution
		{A3E93C48-A3F9-4A66-9C3B-42B326E1E7F6}.Debug|Any CPU.ActiveCfg = Debug|Any CPU
		{A3E93C48-A3F9-4A66-9C3B-42B326E1E7F6}.Debug|Any CPU.Build.0 = Debug|Any CPU
		{A3E93C48-A3F9-4A66-9C3B-42B326E1E7F6}.Release|Any CPU.ActiveCfg = Release|Any CPU
		{A3E93C48-A3F9-4A66-9C3B-42B326E1E7F6}.Release|Any CPU.Build.0 = Release|Any CPU
	EndGlobalSection
	GlobalSection(SolutionProperties) = preSolution
		HideSolutionNode = FALSE
	EndGlobalSection
	GlobalSection(ExtensibilityGlobals) = postSolution
		SolutionGuid = {5B787F09-7198-4059-9931-91EB04276069}
	EndGlobalSection
EndGlobal
