
Microsoft Visual Studio Solution File, Format Version 12.00
# Visual Studio Version 17
VisualStudioVersion = 17.3.32922.545
MinimumVisualStudioVersion = 10.0.40219.1
Project("{FAE04EC0-301F-11D3-BF4B-00C04F79EFBC}") = "Tuan1_KienDucTrong21110332", "Tuan1_KienDucTrong21110332\Tuan1_KienDucTrong21110332.csproj", "{8EA087AC-013C-4CCA-B312-8DB2B502AB28}"
EndProject
Global
	GlobalSection(SolutionConfigurationPlatforms) = preSolution
		Debug|Any CPU = Debug|Any CPU
		Release|Any CPU = Release|Any CPU
	EndGlobalSection
	GlobalSection(ProjectConfigurationPlatforms) = postSolution
		{8EA087AC-013C-4CCA-B312-8DB2B502AB28}.Debug|Any CPU.ActiveCfg = Debug|Any CPU
		{8EA087AC-013C-4CCA-B312-8DB2B502AB28}.Debug|Any CPU.Build.0 = Debug|Any CPU
		{8EA087AC-013C-4CCA-B312-8DB2B502AB28}.Release|Any CPU.ActiveCfg = Release|Any CPU
		{8EA087AC-013C-4CCA-B312-8DB2B502AB28}.Release|Any CPU.Build.0 = Release|Any CPU
	EndGlobalSection
	GlobalSection(SolutionProperties) = preSolution
		HideSolutionNode = FALSE
	EndGlobalSection
	GlobalSection(ExtensibilityGlobals) = postSolution
		SolutionGuid = {145B4F1B-BF60-44E0-AED4-9F1AE8481C2D}
	EndGlobalSection
EndGlobal
