
Microsoft Visual Studio Solution File, Format Version 12.00
# Visual Studio Version 17
VisualStudioVersion = 17.3.32819.101
MinimumVisualStudioVersion = 10.0.40219.1
Project("{FAE04EC0-301F-11D3-BF4B-00C04F79EFBC}") = "Baitap8", "Baitap8\Baitap8.csproj", "{EF25E2F8-D010-455B-AD14-1F6903FD88F5}"
EndProject
Global
	GlobalSection(SolutionConfigurationPlatforms) = preSolution
		Debug|Any CPU = Debug|Any CPU
		Release|Any CPU = Release|Any CPU
	EndGlobalSection
	GlobalSection(ProjectConfigurationPlatforms) = postSolution
		{EF25E2F8-D010-455B-AD14-1F6903FD88F5}.Debug|Any CPU.ActiveCfg = Debug|Any CPU
		{EF25E2F8-D010-455B-AD14-1F6903FD88F5}.Debug|Any CPU.Build.0 = Debug|Any CPU
		{EF25E2F8-D010-455B-AD14-1F6903FD88F5}.Release|Any CPU.ActiveCfg = Release|Any CPU
		{EF25E2F8-D010-455B-AD14-1F6903FD88F5}.Release|Any CPU.Build.0 = Release|Any CPU
	EndGlobalSection
	GlobalSection(SolutionProperties) = preSolution
		HideSolutionNode = FALSE
	EndGlobalSection
	GlobalSection(ExtensibilityGlobals) = postSolution
		SolutionGuid = {22C846B4-3C5E-411C-9543-4450C7E96DCE}
	EndGlobalSection
EndGlobal
