
Microsoft Visual Studio Solution File, Format Version 12.00
# Visual Studio Version 17
VisualStudioVersion = 17.3.32922.545
MinimumVisualStudioVersion = 10.0.40219.1
Project("{FAE04EC0-301F-11D3-BF4B-00C04F79EFBC}") = "QuanLyCongDanThanhPho", "QuanLyCongDanThanhPho\QuanLyCongDanThanhPho.csproj", "{84403FE9-D255-410E-BF8D-2DB59E28943B}"
EndProject
Global
	GlobalSection(SolutionConfigurationPlatforms) = preSolution
		Debug|Any CPU = Debug|Any CPU
		Release|Any CPU = Release|Any CPU
	EndGlobalSection
	GlobalSection(ProjectConfigurationPlatforms) = postSolution
		{84403FE9-D255-410E-BF8D-2DB59E28943B}.Debug|Any CPU.ActiveCfg = Debug|Any CPU
		{84403FE9-D255-410E-BF8D-2DB59E28943B}.Debug|Any CPU.Build.0 = Debug|Any CPU
		{84403FE9-D255-410E-BF8D-2DB59E28943B}.Release|Any CPU.ActiveCfg = Release|Any CPU
		{84403FE9-D255-410E-BF8D-2DB59E28943B}.Release|Any CPU.Build.0 = Release|Any CPU
	EndGlobalSection
	GlobalSection(SolutionProperties) = preSolution
		HideSolutionNode = FALSE
	EndGlobalSection
	GlobalSection(ExtensibilityGlobals) = postSolution
		SolutionGuid = {531A4E57-A688-42F6-B83A-64C42C023274}
	EndGlobalSection
EndGlobal
