
Microsoft Visual Studio Solution File, Format Version 12.00
# Visual Studio Version 17
VisualStudioVersion = 17.3.32819.101
MinimumVisualStudioVersion = 10.0.40219.1
Project("{FAE04EC0-301F-11D3-BF4B-00C04F79EFBC}") = "KeThua_Chuong4_Bai2", "KeThua_Chuong4_Bai2\KeThua_Chuong4_Bai2.csproj", "{230DE8DD-5DA9-4090-A97C-780C3096CDD2}"
EndProject
Global
	GlobalSection(SolutionConfigurationPlatforms) = preSolution
		Debug|Any CPU = Debug|Any CPU
		Release|Any CPU = Release|Any CPU
	EndGlobalSection
	GlobalSection(ProjectConfigurationPlatforms) = postSolution
		{230DE8DD-5DA9-4090-A97C-780C3096CDD2}.Debug|Any CPU.ActiveCfg = Debug|Any CPU
		{230DE8DD-5DA9-4090-A97C-780C3096CDD2}.Debug|Any CPU.Build.0 = Debug|Any CPU
		{230DE8DD-5DA9-4090-A97C-780C3096CDD2}.Release|Any CPU.ActiveCfg = Release|Any CPU
		{230DE8DD-5DA9-4090-A97C-780C3096CDD2}.Release|Any CPU.Build.0 = Release|Any CPU
	EndGlobalSection
	GlobalSection(SolutionProperties) = preSolution
		HideSolutionNode = FALSE
	EndGlobalSection
	GlobalSection(ExtensibilityGlobals) = postSolution
		SolutionGuid = {D1BE796A-5784-43D2-9D22-7ACBD12899BD}
	EndGlobalSection
EndGlobal
