
Microsoft Visual Studio Solution File, Format Version 12.00
# Visual Studio Version 17
VisualStudioVersion = 17.3.32819.101
MinimumVisualStudioVersion = 10.0.40219.1
Project("{FAE04EC0-301F-11D3-BF4B-00C04F79EFBC}") = "KeThua_Chuong4_Bai1", "KeThua_Chuong4_Bai1\KeThua_Chuong4_Bai1.csproj", "{FF54FE16-D0F2-4188-8C6E-BE22D035824B}"
EndProject
Global
	GlobalSection(SolutionConfigurationPlatforms) = preSolution
		Debug|Any CPU = Debug|Any CPU
		Release|Any CPU = Release|Any CPU
	EndGlobalSection
	GlobalSection(ProjectConfigurationPlatforms) = postSolution
		{FF54FE16-D0F2-4188-8C6E-BE22D035824B}.Debug|Any CPU.ActiveCfg = Debug|Any CPU
		{FF54FE16-D0F2-4188-8C6E-BE22D035824B}.Debug|Any CPU.Build.0 = Debug|Any CPU
		{FF54FE16-D0F2-4188-8C6E-BE22D035824B}.Release|Any CPU.ActiveCfg = Release|Any CPU
		{FF54FE16-D0F2-4188-8C6E-BE22D035824B}.Release|Any CPU.Build.0 = Release|Any CPU
	EndGlobalSection
	GlobalSection(SolutionProperties) = preSolution
		HideSolutionNode = FALSE
	EndGlobalSection
	GlobalSection(ExtensibilityGlobals) = postSolution
		SolutionGuid = {90C38295-31E8-4068-834E-9DF27C8411EE}
	EndGlobalSection
EndGlobal
