
Microsoft Visual Studio Solution File, Format Version 12.00
# Visual Studio Version 17
VisualStudioVersion = 17.3.32922.545
MinimumVisualStudioVersion = 10.0.40219.1
Project("{FAE04EC0-301F-11D3-BF4B-00C04F79EFBC}") = "QLHocSinh_GiaoVien", "QLHocSinh_GiaoVien\QLHocSinh_GiaoVien.csproj", "{C0A6B2C9-7D7C-4812-8E5F-AA6546040D40}"
EndProject
Global
	GlobalSection(SolutionConfigurationPlatforms) = preSolution
		Debug|Any CPU = Debug|Any CPU
		Release|Any CPU = Release|Any CPU
	EndGlobalSection
	GlobalSection(ProjectConfigurationPlatforms) = postSolution
		{C0A6B2C9-7D7C-4812-8E5F-AA6546040D40}.Debug|Any CPU.ActiveCfg = Debug|Any CPU
		{C0A6B2C9-7D7C-4812-8E5F-AA6546040D40}.Debug|Any CPU.Build.0 = Debug|Any CPU
		{C0A6B2C9-7D7C-4812-8E5F-AA6546040D40}.Release|Any CPU.ActiveCfg = Release|Any CPU
		{C0A6B2C9-7D7C-4812-8E5F-AA6546040D40}.Release|Any CPU.Build.0 = Release|Any CPU
	EndGlobalSection
	GlobalSection(SolutionProperties) = preSolution
		HideSolutionNode = FALSE
	EndGlobalSection
	GlobalSection(ExtensibilityGlobals) = postSolution
		SolutionGuid = {5C05A51E-4565-44C2-A908-C1E227EC92B9}
	EndGlobalSection
EndGlobal
