
Microsoft Visual Studio Solution File, Format Version 12.00
# Visual Studio Version 17
VisualStudioVersion = 17.3.32819.101
MinimumVisualStudioVersion = 10.0.40219.1
Project("{FAE04EC0-301F-11D3-BF4B-00C04F79EFBC}") = "Baitap3", "Baitap3\Baitap3.csproj", "{325BBA47-1D2A-49FB-8ABB-6282400EF619}"
EndProject
Global
	GlobalSection(SolutionConfigurationPlatforms) = preSolution
		Debug|Any CPU = Debug|Any CPU
		Release|Any CPU = Release|Any CPU
	EndGlobalSection
	GlobalSection(ProjectConfigurationPlatforms) = postSolution
		{325BBA47-1D2A-49FB-8ABB-6282400EF619}.Debug|Any CPU.ActiveCfg = Debug|Any CPU
		{325BBA47-1D2A-49FB-8ABB-6282400EF619}.Debug|Any CPU.Build.0 = Debug|Any CPU
		{325BBA47-1D2A-49FB-8ABB-6282400EF619}.Release|Any CPU.ActiveCfg = Release|Any CPU
		{325BBA47-1D2A-49FB-8ABB-6282400EF619}.Release|Any CPU.Build.0 = Release|Any CPU
	EndGlobalSection
	GlobalSection(SolutionProperties) = preSolution
		HideSolutionNode = FALSE
	EndGlobalSection
	GlobalSection(ExtensibilityGlobals) = postSolution
		SolutionGuid = {4CFBB937-8DCD-4C3A-855B-E307EAA90945}
	EndGlobalSection
EndGlobal
