
Microsoft Visual Studio Solution File, Format Version 12.00
# Visual Studio Version 17
VisualStudioVersion = 17.3.32922.545
MinimumVisualStudioVersion = 10.0.40219.1
Project("{FAE04EC0-301F-11D3-BF4B-00C04F79EFBC}") = "DaHinh_Chuong4_Bai1", "DaHinh_Chuong4_Bai1\DaHinh_Chuong4_Bai1.csproj", "{E929447E-AF58-457F-AD6A-903E44545D7F}"
EndProject
Global
	GlobalSection(SolutionConfigurationPlatforms) = preSolution
		Debug|Any CPU = Debug|Any CPU
		Release|Any CPU = Release|Any CPU
	EndGlobalSection
	GlobalSection(ProjectConfigurationPlatforms) = postSolution
		{E929447E-AF58-457F-AD6A-903E44545D7F}.Debug|Any CPU.ActiveCfg = Debug|Any CPU
		{E929447E-AF58-457F-AD6A-903E44545D7F}.Debug|Any CPU.Build.0 = Debug|Any CPU
		{E929447E-AF58-457F-AD6A-903E44545D7F}.Release|Any CPU.ActiveCfg = Release|Any CPU
		{E929447E-AF58-457F-AD6A-903E44545D7F}.Release|Any CPU.Build.0 = Release|Any CPU
	EndGlobalSection
	GlobalSection(SolutionProperties) = preSolution
		HideSolutionNode = FALSE
	EndGlobalSection
	GlobalSection(ExtensibilityGlobals) = postSolution
		SolutionGuid = {B2DD6064-C9AB-499A-B11D-E066DEB8F463}
	EndGlobalSection
EndGlobal
