
Microsoft Visual Studio Solution File, Format Version 12.00
# Visual Studio Version 17
VisualStudioVersion = 17.3.32819.101
MinimumVisualStudioVersion = 10.0.40219.1
Project("{FAE04EC0-301F-11D3-BF4B-00C04F79EFBC}") = "Baitap6", "Baitap6\Baitap6.csproj", "{7F101F1C-2CE2-4D72-9BD7-B4310CA4D823}"
EndProject
Global
	GlobalSection(SolutionConfigurationPlatforms) = preSolution
		Debug|Any CPU = Debug|Any CPU
		Release|Any CPU = Release|Any CPU
	EndGlobalSection
	GlobalSection(ProjectConfigurationPlatforms) = postSolution
		{7F101F1C-2CE2-4D72-9BD7-B4310CA4D823}.Debug|Any CPU.ActiveCfg = Debug|Any CPU
		{7F101F1C-2CE2-4D72-9BD7-B4310CA4D823}.Debug|Any CPU.Build.0 = Debug|Any CPU
		{7F101F1C-2CE2-4D72-9BD7-B4310CA4D823}.Release|Any CPU.ActiveCfg = Release|Any CPU
		{7F101F1C-2CE2-4D72-9BD7-B4310CA4D823}.Release|Any CPU.Build.0 = Release|Any CPU
	EndGlobalSection
	GlobalSection(SolutionProperties) = preSolution
		HideSolutionNode = FALSE
	EndGlobalSection
	GlobalSection(ExtensibilityGlobals) = postSolution
		SolutionGuid = {0E8C4897-C5FC-4A1A-BEC7-8DA1486B57BB}
	EndGlobalSection
EndGlobal
