
Microsoft Visual Studio Solution File, Format Version 12.00
# Visual Studio Version 17
VisualStudioVersion = 17.3.32819.101
MinimumVisualStudioVersion = 10.0.40219.1
Project("{FAE04EC0-301F-11D3-BF4B-00C04F79EFBC}") = "Baitap2Tuan4Chuong3", "Baitap2Tuan4Chuong3\Baitap2Tuan4Chuong3.csproj", "{F40ED876-2285-470B-B495-4E4FEBDFADD1}"
EndProject
Global
	GlobalSection(SolutionConfigurationPlatforms) = preSolution
		Debug|Any CPU = Debug|Any CPU
		Release|Any CPU = Release|Any CPU
	EndGlobalSection
	GlobalSection(ProjectConfigurationPlatforms) = postSolution
		{F40ED876-2285-470B-B495-4E4FEBDFADD1}.Debug|Any CPU.ActiveCfg = Debug|Any CPU
		{F40ED876-2285-470B-B495-4E4FEBDFADD1}.Debug|Any CPU.Build.0 = Debug|Any CPU
		{F40ED876-2285-470B-B495-4E4FEBDFADD1}.Release|Any CPU.ActiveCfg = Release|Any CPU
		{F40ED876-2285-470B-B495-4E4FEBDFADD1}.Release|Any CPU.Build.0 = Release|Any CPU
	EndGlobalSection
	GlobalSection(SolutionProperties) = preSolution
		HideSolutionNode = FALSE
	EndGlobalSection
	GlobalSection(ExtensibilityGlobals) = postSolution
		SolutionGuid = {50DEEC2C-4091-4CB1-A27B-8E59353FEC70}
	EndGlobalSection
EndGlobal
